PODS:
  - Answers (1.4.1):
    - Fabric (~> 1.10.2)
  - Fabric (1.10.2)

DEPENDENCIES:
  - Answers (= 1.4.1)
  - Fabric (= 1.10.2)

SPEC REPOS:
  https://github.com/cocoapods/specs.git:
    - Answers
    - Fabric

SPEC CHECKSUMS:
  Answers: 7d5ff1f77fea900eb75032b37b4288482b824055
  Fabric: 706c8b8098fff96c33c0db69cbf81f9c551d0d74

PODFILE CHECKSUM: 68994c01d334ccca3f55c2d6e17ea21f4230ec22

COCOAPODS: 1.7.5
