PODS:
  - Answers (1.4.0):
    - Fabric (~> 1.8.0)
  - Fabric (1.8.2)

DEPENDENCIES:
  - Answers (= 1.4.0)
  - Fabric (= 1.8.2)

SPEC REPOS:
  https://github.com/cocoapods/specs.git:
    - Answers
    - Fabric

SPEC CHECKSUMS:
  Answers: e7317ccd30e7bf55c3bacfe28adbe2304b082e49
  Fabric: d2b22f443ba195d8a7cc204da230977c72733b40

PODFILE CHECKSUM: 318374af1deab7a6e7d837d65446d9b3980ed47a

COCOAPODS: 1.5.3
