PODS:
  - Answers (1.4.1):
    - Fabric (~> 1.10.2)
  - Fabric (1.10.2)

DEPENDENCIES:
  - Answers (= 1.4.1)
  - Fabric (= 1.10.2)

SPEC REPOS:
  https://github.com/cocoapods/specs.git:
    - Answers
    - Fabric

SPEC CHECKSUMS:
  Answers: 7d5ff1f77fea900eb75032b37b4288482b824055
  Fabric: 706c8b8098fff96c33c0db69cbf81f9c551d0d74

PODFILE CHECKSUM: 3476493a7092a61809f298c65c083e1956f65146

COCOAPODS: 1.7.5
