// !$*UTF8*$!
{
	archiveVersion = 1;
	classes = {
	};
	objectVersion = 46;
	objects = {

/* Begin PBXBuildFile section */
		A70639AD1AE7219A0024B13D /* UIView+Extensions.swift in Sources */ = {isa = PBXBuildFile; fileRef = A70639AC1AE7219A0024B13D /* UIView+Extensions.swift */; };
		A7594FCC1AE8753F00A9C819 /* MoreDetails.storyboard in Resources */ = {isa = PBXBuildFile; fileRef = A7594FCA1AE8753F00A9C819 /* MoreDetails.storyboard */; };
		A7594FCD1AE8753F00A9C819 /* MoreDetailsViewController.swift in Sources */ = {isa = PBXBuildFile; fileRef = A7594FCB1AE8753F00A9C819 /* MoreDetailsViewController.swift */; };
		A7C4F2FD1AE8714700A527C0 /* UIViewController+Extensions.swift in Sources */ = {isa = PBXBuildFile; fileRef = A7C4F2FC1AE8714700A527C0 /* UIViewController+Extensions.swift */; };
		A7C4F2FE1AE8716F00A527C0 /* UIViewController+Extensions.swift in Sources */ = {isa = PBXBuildFile; fileRef = A7C4F2FC1AE8714700A527C0 /* UIViewController+Extensions.swift */; };
		A7E73C491AE2FB9200DFB752 /* TimelineTableViewCell.xib in Resources */ = {isa = PBXBuildFile; fileRef = A7E73C481AE2FB9200DFB752 /* TimelineTableViewCell.xib */; };
		A7E73C4B1AE3081C00DFB752 /* TimelineTableViewCell.swift in Sources */ = {isa = PBXBuildFile; fileRef = A7E73C4A1AE3081C00DFB752 /* TimelineTableViewCell.swift */; };
		A7E73C4E1AE30B5400DFB752 /* String+Extensions.swift in Sources */ = {isa = PBXBuildFile; fileRef = A7E73C4D1AE30B5400DFB752 /* String+Extensions.swift */; };
		A7E73C501AE3175500DFB752 /* UIColor+Extension.swift in Sources */ = {isa = PBXBuildFile; fileRef = A7E73C4F1AE3175500DFB752 /* UIColor+Extension.swift */; };
		A7E73C551AE32A0F00DFB752 /* TimelineFooterView.xib in Resources */ = {isa = PBXBuildFile; fileRef = A7E73C541AE32A0F00DFB752 /* TimelineFooterView.xib */; };
		A7E73C571AE336FE00DFB752 /* TimelineFooterView.swift in Sources */ = {isa = PBXBuildFile; fileRef = A7E73C561AE336FE00DFB752 /* TimelineFooterView.swift */; };
		A7E73C5A1AE33BEB00DFB752 /* TimelineHeaderView.xib in Resources */ = {isa = PBXBuildFile; fileRef = A7E73C591AE33BEB00DFB752 /* TimelineHeaderView.xib */; };
		A7E73C5C1AE33C3000DFB752 /* TimelineHeaderView.swift in Sources */ = {isa = PBXBuildFile; fileRef = A7E73C5B1AE33C3000DFB752 /* TimelineHeaderView.swift */; };
		A7FBFCAE1AE27C1E004CC664 /* AppDelegate.swift in Sources */ = {isa = PBXBuildFile; fileRef = A7FBFCAD1AE27C1E004CC664 /* AppDelegate.swift */; };
		A7FBFCB01AE27C1E004CC664 /* TimelineViewController.swift in Sources */ = {isa = PBXBuildFile; fileRef = A7FBFCAF1AE27C1E004CC664 /* TimelineViewController.swift */; };
		A7FBFCB31AE27C1E004CC664 /* Main.storyboard in Resources */ = {isa = PBXBuildFile; fileRef = A7FBFCB11AE27C1E004CC664 /* Main.storyboard */; };
		A7FBFCB51AE27C1E004CC664 /* Images.xcassets in Resources */ = {isa = PBXBuildFile; fileRef = A7FBFCB41AE27C1E004CC664 /* Images.xcassets */; };
		A7FBFCB81AE27C1E004CC664 /* LaunchScreen.xib in Resources */ = {isa = PBXBuildFile; fileRef = A7FBFCB61AE27C1E004CC664 /* LaunchScreen.xib */; };
		A7FBFCC41AE27C1E004CC664 /* SubstringTests.swift in Sources */ = {isa = PBXBuildFile; fileRef = A7FBFCC31AE27C1E004CC664 /* SubstringTests.swift */; };
		CE719CD43C92D51088631F66 /* Pods_Gemma_Barlow.framework in Frameworks */ = {isa = PBXBuildFile; fileRef = 8E517F8299B6C762416FE6F1 /* Pods_Gemma_Barlow.framework */; };
/* End PBXBuildFile section */

/* Begin PBXContainerItemProxy section */
		A7FBFCBE1AE27C1E004CC664 /* PBXContainerItemProxy */ = {
			isa = PBXContainerItemProxy;
			containerPortal = A7FBFCA01AE27C1E004CC664 /* Project object */;
			proxyType = 1;
			remoteGlobalIDString = A7FBFCA71AE27C1E004CC664;
			remoteInfo = "Gemma Barlow";
		};
/* End PBXContainerItemProxy section */

/* Begin PBXFileReference section */
		101662F3008BD6313AD66423 /* Pods-Gemma Barlow.debug.xcconfig */ = {isa = PBXFileReference; includeInIndex = 1; lastKnownFileType = text.xcconfig; name = "Pods-Gemma Barlow.debug.xcconfig"; path = "Pods/Target Support Files/Pods-Gemma Barlow/Pods-Gemma Barlow.debug.xcconfig"; sourceTree = "<group>"; };
		1B88C06136EA1D5C25642A39 /* Pods-Gemma Barlow.release.xcconfig */ = {isa = PBXFileReference; includeInIndex = 1; lastKnownFileType = text.xcconfig; name = "Pods-Gemma Barlow.release.xcconfig"; path = "Pods/Target Support Files/Pods-Gemma Barlow/Pods-Gemma Barlow.release.xcconfig"; sourceTree = "<group>"; };
		87F91F091F93C16800392F94 /* Debug.xcconfig */ = {isa = PBXFileReference; fileEncoding = 4; lastKnownFileType = text.xcconfig; name = Debug.xcconfig; path = "Supporting Files/Debug.xcconfig"; sourceTree = SOURCE_ROOT; };
		87F91F0A1F93C16800392F94 /* Release.xcconfig */ = {isa = PBXFileReference; fileEncoding = 4; lastKnownFileType = text.xcconfig; name = Release.xcconfig; path = "Supporting Files/Release.xcconfig"; sourceTree = SOURCE_ROOT; };
		8E517F8299B6C762416FE6F1 /* Pods_Gemma_Barlow.framework */ = {isa = PBXFileReference; explicitFileType = wrapper.framework; includeInIndex = 0; path = Pods_Gemma_Barlow.framework; sourceTree = BUILT_PRODUCTS_DIR; };
		A70639AC1AE7219A0024B13D /* UIView+Extensions.swift */ = {isa = PBXFileReference; fileEncoding = 4; lastKnownFileType = sourcecode.swift; name = "UIView+Extensions.swift"; path = "Extensions/UIView+Extensions.swift"; sourceTree = "<group>"; };
		A7594FCA1AE8753F00A9C819 /* MoreDetails.storyboard */ = {isa = PBXFileReference; fileEncoding = 4; lastKnownFileType = file.storyboard; name = MoreDetails.storyboard; path = Controller/TimelineDetailViewController/MoreDetails.storyboard; sourceTree = "<group>"; };
		A7594FCB1AE8753F00A9C819 /* MoreDetailsViewController.swift */ = {isa = PBXFileReference; fileEncoding = 4; lastKnownFileType = sourcecode.swift; lineEnding = 0; name = MoreDetailsViewController.swift; path = Controller/TimelineDetailViewController/MoreDetailsViewController.swift; sourceTree = "<group>"; xcLanguageSpecificationIdentifier = xcode.lang.swift; };
		A7C4F2FC1AE8714700A527C0 /* UIViewController+Extensions.swift */ = {isa = PBXFileReference; fileEncoding = 4; lastKnownFileType = sourcecode.swift; name = "UIViewController+Extensions.swift"; path = "Extensions/UIViewController+Extensions.swift"; sourceTree = "<group>"; };
		A7E73C481AE2FB9200DFB752 /* TimelineTableViewCell.xib */ = {isa = PBXFileReference; fileEncoding = 4; lastKnownFileType = file.xib; name = TimelineTableViewCell.xib; path = View/TimelineTableViewCell.xib; sourceTree = "<group>"; };
		A7E73C4A1AE3081C00DFB752 /* TimelineTableViewCell.swift */ = {isa = PBXFileReference; fileEncoding = 4; lastKnownFileType = sourcecode.swift; name = TimelineTableViewCell.swift; path = View/TimelineTableViewCell.swift; sourceTree = "<group>"; };
		A7E73C4D1AE30B5400DFB752 /* String+Extensions.swift */ = {isa = PBXFileReference; fileEncoding = 4; lastKnownFileType = sourcecode.swift; name = "String+Extensions.swift"; path = "Extensions/String+Extensions.swift"; sourceTree = "<group>"; };
		A7E73C4F1AE3175500DFB752 /* UIColor+Extension.swift */ = {isa = PBXFileReference; fileEncoding = 4; lastKnownFileType = sourcecode.swift; name = "UIColor+Extension.swift"; path = "Model/UIColor+Extension.swift"; sourceTree = "<group>"; };
		A7E73C541AE32A0F00DFB752 /* TimelineFooterView.xib */ = {isa = PBXFileReference; fileEncoding = 4; lastKnownFileType = file.xib; name = TimelineFooterView.xib; path = View/TimelineFooterView.xib; sourceTree = "<group>"; };
		A7E73C561AE336FE00DFB752 /* TimelineFooterView.swift */ = {isa = PBXFileReference; fileEncoding = 4; lastKnownFileType = sourcecode.swift; name = TimelineFooterView.swift; path = View/TimelineFooterView.swift; sourceTree = "<group>"; };
		A7E73C591AE33BEB00DFB752 /* TimelineHeaderView.xib */ = {isa = PBXFileReference; fileEncoding = 4; lastKnownFileType = file.xib; name = TimelineHeaderView.xib; path = View/TimelineHeaderView.xib; sourceTree = "<group>"; };
		A7E73C5B1AE33C3000DFB752 /* TimelineHeaderView.swift */ = {isa = PBXFileReference; fileEncoding = 4; lastKnownFileType = sourcecode.swift; lineEnding = 0; name = TimelineHeaderView.swift; path = View/TimelineHeaderView.swift; sourceTree = "<group>"; xcLanguageSpecificationIdentifier = xcode.lang.swift; };
		A7FBFCA81AE27C1E004CC664 /* Gemma Barlow.app */ = {isa = PBXFileReference; explicitFileType = wrapper.application; includeInIndex = 0; path = "Gemma Barlow.app"; sourceTree = BUILT_PRODUCTS_DIR; };
		A7FBFCAC1AE27C1E004CC664 /* Info.plist */ = {isa = PBXFileReference; lastKnownFileType = text.plist.xml; path = Info.plist; sourceTree = "<group>"; };
		A7FBFCAD1AE27C1E004CC664 /* AppDelegate.swift */ = {isa = PBXFileReference; lastKnownFileType = sourcecode.swift; path = AppDelegate.swift; sourceTree = "<group>"; };
		A7FBFCAF1AE27C1E004CC664 /* TimelineViewController.swift */ = {isa = PBXFileReference; lastKnownFileType = sourcecode.swift; lineEnding = 0; path = TimelineViewController.swift; sourceTree = "<group>"; xcLanguageSpecificationIdentifier = xcode.lang.swift; };
		A7FBFCB21AE27C1E004CC664 /* Base */ = {isa = PBXFileReference; lastKnownFileType = file.storyboard; name = Base; path = Base.lproj/Main.storyboard; sourceTree = "<group>"; };
		A7FBFCB41AE27C1E004CC664 /* Images.xcassets */ = {isa = PBXFileReference; lastKnownFileType = folder.assetcatalog; path = Images.xcassets; sourceTree = "<group>"; };
		A7FBFCB71AE27C1E004CC664 /* Base */ = {isa = PBXFileReference; lastKnownFileType = file.xib; name = Base; path = Base.lproj/LaunchScreen.xib; sourceTree = "<group>"; };
		A7FBFCBD1AE27C1E004CC664 /* Unit Tests.xctest */ = {isa = PBXFileReference; explicitFileType = wrapper.cfbundle; includeInIndex = 0; path = "Unit Tests.xctest"; sourceTree = BUILT_PRODUCTS_DIR; };
		A7FBFCC21AE27C1E004CC664 /* Info.plist */ = {isa = PBXFileReference; lastKnownFileType = text.plist.xml; path = Info.plist; sourceTree = "<group>"; };
		A7FBFCC31AE27C1E004CC664 /* SubstringTests.swift */ = {isa = PBXFileReference; lastKnownFileType = sourcecode.swift; path = SubstringTests.swift; sourceTree = "<group>"; };
/* End PBXFileReference section */

/* Begin PBXFrameworksBuildPhase section */
		A7FBFCA51AE27C1E004CC664 /* Frameworks */ = {
			isa = PBXFrameworksBuildPhase;
			buildActionMask = 2147483647;
			files = (
				CE719CD43C92D51088631F66 /* Pods_Gemma_Barlow.framework in Frameworks */,
			);
			runOnlyForDeploymentPostprocessing = 0;
		};
		A7FBFCBA1AE27C1E004CC664 /* Frameworks */ = {
			isa = PBXFrameworksBuildPhase;
			buildActionMask = 2147483647;
			files = (
			);
			runOnlyForDeploymentPostprocessing = 0;
		};
/* End PBXFrameworksBuildPhase section */

/* Begin PBXGroup section */
		87F91F081F93C15D00392F94 /* Config */ = {
			isa = PBXGroup;
			children = (
				87F91F091F93C16800392F94 /* Debug.xcconfig */,
				87F91F0A1F93C16800392F94 /* Release.xcconfig */,
			);
			name = Config;
			sourceTree = "<group>";
		};
		8E55FD552F22A859E683D27F /* Pods */ = {
			isa = PBXGroup;
			children = (
				101662F3008BD6313AD66423 /* Pods-Gemma Barlow.debug.xcconfig */,
				1B88C06136EA1D5C25642A39 /* Pods-Gemma Barlow.release.xcconfig */,
			);
			name = Pods;
			sourceTree = "<group>";
		};
		A7E73C431AE2FB0C00DFB752 /* TimelineViewController */ = {
			isa = PBXGroup;
			children = (
				A7FBFCAF1AE27C1E004CC664 /* TimelineViewController.swift */,
			);
			name = TimelineViewController;
			sourceTree = "<group>";
		};
		A7E73C441AE2FB1600DFB752 /* View */ = {
			isa = PBXGroup;
			children = (
				A7E73C581AE33BC500DFB752 /* TimelineHeaderView */,
				A7E73C511AE329BF00DFB752 /* TimelineFooterView */,
				A7E73C471AE2FB5600DFB752 /* TimelineTableViewCell */,
			);
			name = View;
			sourceTree = "<group>";
		};
		A7E73C461AE2FB1F00DFB752 /* Controller */ = {
			isa = PBXGroup;
			children = (
				A7E73C641AE346CC00DFB752 /* MoreDetailsViewController */,
				A7E73C431AE2FB0C00DFB752 /* TimelineViewController */,
			);
			name = Controller;
			sourceTree = "<group>";
		};
		A7E73C471AE2FB5600DFB752 /* TimelineTableViewCell */ = {
			isa = PBXGroup;
			children = (
				A7E73C481AE2FB9200DFB752 /* TimelineTableViewCell.xib */,
				A7E73C4A1AE3081C00DFB752 /* TimelineTableViewCell.swift */,
			);
			name = TimelineTableViewCell;
			sourceTree = "<group>";
		};
		A7E73C4C1AE30B3800DFB752 /* Extensions */ = {
			isa = PBXGroup;
			children = (
				A7E73C4D1AE30B5400DFB752 /* String+Extensions.swift */,
				A7E73C4F1AE3175500DFB752 /* UIColor+Extension.swift */,
				A70639AC1AE7219A0024B13D /* UIView+Extensions.swift */,
				A7C4F2FC1AE8714700A527C0 /* UIViewController+Extensions.swift */,
			);
			name = Extensions;
			sourceTree = "<group>";
		};
		A7E73C511AE329BF00DFB752 /* TimelineFooterView */ = {
			isa = PBXGroup;
			children = (
				A7E73C541AE32A0F00DFB752 /* TimelineFooterView.xib */,
				A7E73C561AE336FE00DFB752 /* TimelineFooterView.swift */,
			);
			name = TimelineFooterView;
			sourceTree = "<group>";
		};
		A7E73C581AE33BC500DFB752 /* TimelineHeaderView */ = {
			isa = PBXGroup;
			children = (
				A7E73C591AE33BEB00DFB752 /* TimelineHeaderView.xib */,
				A7E73C5B1AE33C3000DFB752 /* TimelineHeaderView.swift */,
			);
			name = TimelineHeaderView;
			sourceTree = "<group>";
		};
		A7E73C641AE346CC00DFB752 /* MoreDetailsViewController */ = {
			isa = PBXGroup;
			children = (
				A7594FCA1AE8753F00A9C819 /* MoreDetails.storyboard */,
				A7594FCB1AE8753F00A9C819 /* MoreDetailsViewController.swift */,
			);
			name = MoreDetailsViewController;
			sourceTree = "<group>";
		};
		A7FBFC9F1AE27C1E004CC664 = {
			isa = PBXGroup;
			children = (
				A7FBFCAA1AE27C1E004CC664 /* Gemma Barlow */,
				A7FBFCC01AE27C1E004CC664 /* Unit Tests */,
				A7FBFCA91AE27C1E004CC664 /* Products */,
				8E55FD552F22A859E683D27F /* Pods */,
				FD9CAC5AEE3A19DA05202D06 /* Frameworks */,
			);
			sourceTree = "<group>";
		};
		A7FBFCA91AE27C1E004CC664 /* Products */ = {
			isa = PBXGroup;
			children = (
				A7FBFCA81AE27C1E004CC664 /* Gemma Barlow.app */,
				A7FBFCBD1AE27C1E004CC664 /* Unit Tests.xctest */,
			);
			name = Products;
			sourceTree = "<group>";
		};
		A7FBFCAA1AE27C1E004CC664 /* Gemma Barlow */ = {
			isa = PBXGroup;
			children = (
				A7E73C4C1AE30B3800DFB752 /* Extensions */,
				A7E73C461AE2FB1F00DFB752 /* Controller */,
				A7E73C441AE2FB1600DFB752 /* View */,
				A7FBFCAD1AE27C1E004CC664 /* AppDelegate.swift */,
				A7FBFCB11AE27C1E004CC664 /* Main.storyboard */,
				A7FBFCB41AE27C1E004CC664 /* Images.xcassets */,
				A7FBFCB61AE27C1E004CC664 /* LaunchScreen.xib */,
				A7FBFCAB1AE27C1E004CC664 /* Supporting Files */,
			);
			path = "Gemma Barlow";
			sourceTree = "<group>";
		};
		A7FBFCAB1AE27C1E004CC664 /* Supporting Files */ = {
			isa = PBXGroup;
			children = (
				87F91F081F93C15D00392F94 /* Config */,
				A7FBFCAC1AE27C1E004CC664 /* Info.plist */,
			);
			name = "Supporting Files";
			sourceTree = "<group>";
		};
		A7FBFCC01AE27C1E004CC664 /* Unit Tests */ = {
			isa = PBXGroup;
			children = (
				A7FBFCC31AE27C1E004CC664 /* SubstringTests.swift */,
				A7FBFCC11AE27C1E004CC664 /* Supporting Files */,
			);
			path = "Unit Tests";
			sourceTree = "<group>";
		};
		A7FBFCC11AE27C1E004CC664 /* Supporting Files */ = {
			isa = PBXGroup;
			children = (
				A7FBFCC21AE27C1E004CC664 /* Info.plist */,
			);
			name = "Supporting Files";
			sourceTree = "<group>";
		};
		FD9CAC5AEE3A19DA05202D06 /* Frameworks */ = {
			isa = PBXGroup;
			children = (
				8E517F8299B6C762416FE6F1 /* Pods_Gemma_Barlow.framework */,
			);
			name = Frameworks;
			sourceTree = "<group>";
		};
/* End PBXGroup section */

/* Begin PBXNativeTarget section */
		A7FBFCA71AE27C1E004CC664 /* Gemma Barlow */ = {
			isa = PBXNativeTarget;
			buildConfigurationList = A7FBFCC71AE27C1E004CC664 /* Build configuration list for PBXNativeTarget "Gemma Barlow" */;
			buildPhases = (
				C9568AF1A8D63E0CD60354EF /* [CP] Check Pods Manifest.lock */,
				A7FBFCA41AE27C1E004CC664 /* Sources */,
				A7FBFCA51AE27C1E004CC664 /* Frameworks */,
				A7FBFCA61AE27C1E004CC664 /* Resources */,
				87F91F071F93C0CE00392F94 /* Install Fabric */,
			);
			buildRules = (
			);
			dependencies = (
			);
			name = "Gemma Barlow";
			productName = "Gemma Barlow";
			productReference = A7FBFCA81AE27C1E004CC664 /* Gemma Barlow.app */;
			productType = "com.apple.product-type.application";
		};
		A7FBFCBC1AE27C1E004CC664 /* Unit Tests */ = {
			isa = PBXNativeTarget;
			buildConfigurationList = A7FBFCCA1AE27C1E004CC664 /* Build configuration list for PBXNativeTarget "Unit Tests" */;
			buildPhases = (
				A7FBFCB91AE27C1E004CC664 /* Sources */,
				A7FBFCBA1AE27C1E004CC664 /* Frameworks */,
				A7FBFCBB1AE27C1E004CC664 /* Resources */,
			);
			buildRules = (
			);
			dependencies = (
				A7FBFCBF1AE27C1E004CC664 /* PBXTargetDependency */,
			);
			name = "Unit Tests";
			productName = "Gemma BarlowTests";
			productReference = A7FBFCBD1AE27C1E004CC664 /* Unit Tests.xctest */;
			productType = "com.apple.product-type.bundle.unit-test";
		};
/* End PBXNativeTarget section */

/* Begin PBXProject section */
		A7FBFCA01AE27C1E004CC664 /* Project object */ = {
			isa = PBXProject;
			attributes = {
				LastSwiftMigration = 0720;
				LastSwiftUpdateCheck = 0720;
				LastUpgradeCheck = 0930;
				TargetAttributes = {
					A7FBFCA71AE27C1E004CC664 = {
						CreatedOnToolsVersion = 6.3;
						LastSwiftMigration = 1010;
					};
					A7FBFCBC1AE27C1E004CC664 = {
						CreatedOnToolsVersion = 6.3;
						LastSwiftMigration = 1010;
						TestTargetID = A7FBFCA71AE27C1E004CC664;
					};
				};
			};
			buildConfigurationList = A7FBFCA31AE27C1E004CC664 /* Build configuration list for PBXProject "Gemma Barlow" */;
			compatibilityVersion = "Xcode 3.2";
			developmentRegion = English;
			hasScannedForEncodings = 0;
			knownRegions = (
				en,
				Base,
			);
			mainGroup = A7FBFC9F1AE27C1E004CC664;
			productRefGroup = A7FBFCA91AE27C1E004CC664 /* Products */;
			projectDirPath = "";
			projectRoot = "";
			targets = (
				A7FBFCA71AE27C1E004CC664 /* Gemma Barlow */,
				A7FBFCBC1AE27C1E004CC664 /* Unit Tests */,
			);
		};
/* End PBXProject section */

/* Begin PBXResourcesBuildPhase section */
		A7FBFCA61AE27C1E004CC664 /* Resources */ = {
			isa = PBXResourcesBuildPhase;
			buildActionMask = 2147483647;
			files = (
				A7E73C5A1AE33BEB00DFB752 /* TimelineHeaderView.xib in Resources */,
				A7E73C491AE2FB9200DFB752 /* TimelineTableViewCell.xib in Resources */,
				A7FBFCB31AE27C1E004CC664 /* Main.storyboard in Resources */,
				A7FBFCB81AE27C1E004CC664 /* LaunchScreen.xib in Resources */,
				A7E73C551AE32A0F00DFB752 /* TimelineFooterView.xib in Resources */,
				A7594FCC1AE8753F00A9C819 /* MoreDetails.storyboard in Resources */,
				A7FBFCB51AE27C1E004CC664 /* Images.xcassets in Resources */,
			);
			runOnlyForDeploymentPostprocessing = 0;
		};
		A7FBFCBB1AE27C1E004CC664 /* Resources */ = {
			isa = PBXResourcesBuildPhase;
			buildActionMask = 2147483647;
			files = (
			);
			runOnlyForDeploymentPostprocessing = 0;
		};
/* End PBXResourcesBuildPhase section */

/* Begin PBXShellScriptBuildPhase section */
		87F91F071F93C0CE00392F94 /* Install Fabric */ = {
			isa = PBXShellScriptBuildPhase;
			buildActionMask = 2147483647;
			files = (
			);
			inputPaths = (
			);
			name = "Install Fabric";
			outputPaths = (
			);
			runOnlyForDeploymentPostprocessing = 0;
			shellPath = /bin/sh;
			shellScript = "if [ \"${CONFIGURATION}\" = \"Release\" ]; then\n    \"${PODS_ROOT}/Fabric/run\" ${FABRIC_KEY} ${FABRIC_BUILD_SECRET}\nfi";
		};
		C9568AF1A8D63E0CD60354EF /* [CP] Check Pods Manifest.lock */ = {
			isa = PBXShellScriptBuildPhase;
			buildActionMask = 2147483647;
			files = (
			);
			inputPaths = (
				"${PODS_PODFILE_DIR_PATH}/Podfile.lock",
				"${PODS_ROOT}/Manifest.lock",
			);
			name = "[CP] Check Pods Manifest.lock";
			outputPaths = (
				"$(DERIVED_FILE_DIR)/Pods-Gemma Barlow-checkManifestLockResult.txt",
			);
			runOnlyForDeploymentPostprocessing = 0;
			shellPath = /bin/sh;
			shellScript = "diff \"${PODS_PODFILE_DIR_PATH}/Podfile.lock\" \"${PODS_ROOT}/Manifest.lock\" > /dev/null\nif [ $? != 0 ] ; then\n    # print error to STDERR\n    echo \"error: The sandbox is not in sync with the Podfile.lock. Run 'pod install' or update your CocoaPods installation.\" >&2\n    exit 1\nfi\n# This output is used by Xcode 'outputs' to avoid re-running this script phase.\necho \"SUCCESS\" > \"${SCRIPT_OUTPUT_FILE_0}\"\n";
			showEnvVarsInLog = 0;
		};
/* End PBXShellScriptBuildPhase section */

/* Begin PBXSourcesBuildPhase section */
		A7FBFCA41AE27C1E004CC664 /* Sources */ = {
			isa = PBXSourcesBuildPhase;
			buildActionMask = 2147483647;
			files = (
				A7E73C4E1AE30B5400DFB752 /* String+Extensions.swift in Sources */,
				A7594FCD1AE8753F00A9C819 /* MoreDetailsViewController.swift in Sources */,
				A70639AD1AE7219A0024B13D /* UIView+Extensions.swift in Sources */,
				A7FBFCB01AE27C1E004CC664 /* TimelineViewController.swift in Sources */,
				A7E73C571AE336FE00DFB752 /* TimelineFooterView.swift in Sources */,
				A7E73C4B1AE3081C00DFB752 /* TimelineTableViewCell.swift in Sources */,
				A7C4F2FD1AE8714700A527C0 /* UIViewController+Extensions.swift in Sources */,
				A7E73C5C1AE33C3000DFB752 /* TimelineHeaderView.swift in Sources */,
				A7FBFCAE1AE27C1E004CC664 /* AppDelegate.swift in Sources */,
				A7E73C501AE3175500DFB752 /* UIColor+Extension.swift in Sources */,
			);
			runOnlyForDeploymentPostprocessing = 0;
		};
		A7FBFCB91AE27C1E004CC664 /* Sources */ = {
			isa = PBXSourcesBuildPhase;
			buildActionMask = 2147483647;
			files = (
				A7C4F2FE1AE8716F00A527C0 /* UIViewController+Extensions.swift in Sources */,
				A7FBFCC41AE27C1E004CC664 /* SubstringTests.swift in Sources */,
			);
			runOnlyForDeploymentPostprocessing = 0;
		};
/* End PBXSourcesBuildPhase section */

/* Begin PBXTargetDependency section */
		A7FBFCBF1AE27C1E004CC664 /* PBXTargetDependency */ = {
			isa = PBXTargetDependency;
			target = A7FBFCA71AE27C1E004CC664 /* Gemma Barlow */;
			targetProxy = A7FBFCBE1AE27C1E004CC664 /* PBXContainerItemProxy */;
		};
/* End PBXTargetDependency section */

/* Begin PBXVariantGroup section */
		A7FBFCB11AE27C1E004CC664 /* Main.storyboard */ = {
			isa = PBXVariantGroup;
			children = (
				A7FBFCB21AE27C1E004CC664 /* Base */,
			);
			name = Main.storyboard;
			sourceTree = "<group>";
		};
		A7FBFCB61AE27C1E004CC664 /* LaunchScreen.xib */ = {
			isa = PBXVariantGroup;
			children = (
				A7FBFCB71AE27C1E004CC664 /* Base */,
			);
			name = LaunchScreen.xib;
			sourceTree = "<group>";
		};
/* End PBXVariantGroup section */

/* Begin XCBuildConfiguration section */
		A7FBFCC51AE27C1E004CC664 /* Debug */ = {
			isa = XCBuildConfiguration;
			buildSettings = {
				ALWAYS_SEARCH_USER_PATHS = NO;
				CLANG_CXX_LANGUAGE_STANDARD = "gnu++0x";
				CLANG_CXX_LIBRARY = "libc++";
				CLANG_ENABLE_MODULES = YES;
				CLANG_ENABLE_OBJC_ARC = YES;
				CLANG_WARN_BLOCK_CAPTURE_AUTORELEASING = YES;
				CLANG_WARN_BOOL_CONVERSION = YES;
				CLANG_WARN_COMMA = YES;
				CLANG_WARN_CONSTANT_CONVERSION = YES;
				CLANG_WARN_DEPRECATED_OBJC_IMPLEMENTATIONS = YES;
				CLANG_WARN_DIRECT_OBJC_ISA_USAGE = YES_ERROR;
				CLANG_WARN_EMPTY_BODY = YES;
				CLANG_WARN_ENUM_CONVERSION = YES;
				CLANG_WARN_INFINITE_RECURSION = YES;
				CLANG_WARN_INT_CONVERSION = YES;
				CLANG_WARN_NON_LITERAL_NULL_CONVERSION = YES;
				CLANG_WARN_OBJC_IMPLICIT_RETAIN_SELF = YES;
				CLANG_WARN_OBJC_LITERAL_CONVERSION = YES;
				CLANG_WARN_OBJC_ROOT_CLASS = YES_ERROR;
				CLANG_WARN_RANGE_LOOP_ANALYSIS = YES;
				CLANG_WARN_STRICT_PROTOTYPES = YES;
				CLANG_WARN_SUSPICIOUS_MOVE = YES;
				CLANG_WARN_UNREACHABLE_CODE = YES;
				CLANG_WARN__DUPLICATE_METHOD_MATCH = YES;
				"CODE_SIGN_IDENTITY[sdk=iphoneos*]" = "iPhone Developer";
				COPY_PHASE_STRIP = NO;
				DEBUG_INFORMATION_FORMAT = "dwarf-with-dsym";
				ENABLE_STRICT_OBJC_MSGSEND = YES;
				ENABLE_TESTABILITY = YES;
				GCC_C_LANGUAGE_STANDARD = gnu99;
				GCC_DYNAMIC_NO_PIC = NO;
				GCC_NO_COMMON_BLOCKS = YES;
				GCC_OPTIMIZATION_LEVEL = 0;
				GCC_PREPROCESSOR_DEFINITIONS = (
					"DEBUG=1",
					"$(inherited)",
				);
				GCC_SYMBOLS_PRIVATE_EXTERN = NO;
				GCC_WARN_64_TO_32_BIT_CONVERSION = YES;
				GCC_WARN_ABOUT_RETURN_TYPE = YES_ERROR;
				GCC_WARN_UNDECLARED_SELECTOR = YES;
				GCC_WARN_UNINITIALIZED_AUTOS = YES_AGGRESSIVE;
				GCC_WARN_UNUSED_FUNCTION = YES;
				GCC_WARN_UNUSED_VARIABLE = YES;
				INFOPLIST_FILE = "";
				IPHONEOS_DEPLOYMENT_TARGET = 11.0;
				MTL_ENABLE_DEBUG_INFO = YES;
				ONLY_ACTIVE_ARCH = YES;
				SDKROOT = iphoneos;
				SWIFT_OPTIMIZATION_LEVEL = "-Onone";
				SWIFT_SWIFT3_OBJC_INFERENCE = Off;
			};
			name = Debug;
		};
		A7FBFCC61AE27C1E004CC664 /* Release */ = {
			isa = XCBuildConfiguration;
			buildSettings = {
				ALWAYS_SEARCH_USER_PATHS = NO;
				CLANG_CXX_LANGUAGE_STANDARD = "gnu++0x";
				CLANG_CXX_LIBRARY = "libc++";
				CLANG_ENABLE_MODULES = YES;
				CLANG_ENABLE_OBJC_ARC = YES;
				CLANG_WARN_BLOCK_CAPTURE_AUTORELEASING = YES;
				CLANG_WARN_BOOL_CONVERSION = YES;
				CLANG_WARN_COMMA = YES;
				CLANG_WARN_CONSTANT_CONVERSION = YES;
				CLANG_WARN_DEPRECATED_OBJC_IMPLEMENTATIONS = YES;
				CLANG_WARN_DIRECT_OBJC_ISA_USAGE = YES_ERROR;
				CLANG_WARN_EMPTY_BODY = YES;
				CLANG_WARN_ENUM_CONVERSION = YES;
				CLANG_WARN_INFINITE_RECURSION = YES;
				CLANG_WARN_INT_CONVERSION = YES;
				CLANG_WARN_NON_LITERAL_NULL_CONVERSION = YES;
				CLANG_WARN_OBJC_IMPLICIT_RETAIN_SELF = YES;
				CLANG_WARN_OBJC_LITERAL_CONVERSION = YES;
				CLANG_WARN_OBJC_ROOT_CLASS = YES_ERROR;
				CLANG_WARN_RANGE_LOOP_ANALYSIS = YES;
				CLANG_WARN_STRICT_PROTOTYPES = YES;
				CLANG_WARN_SUSPICIOUS_MOVE = YES;
				CLANG_WARN_UNREACHABLE_CODE = YES;
				CLANG_WARN__DUPLICATE_METHOD_MATCH = YES;
				"CODE_SIGN_IDENTITY[sdk=iphoneos*]" = "iPhone Developer";
				COPY_PHASE_STRIP = NO;
				DEBUG_INFORMATION_FORMAT = "dwarf-with-dsym";
				ENABLE_NS_ASSERTIONS = NO;
				ENABLE_STRICT_OBJC_MSGSEND = YES;
				GCC_C_LANGUAGE_STANDARD = gnu99;
				GCC_NO_COMMON_BLOCKS = YES;
				GCC_WARN_64_TO_32_BIT_CONVERSION = YES;
				GCC_WARN_ABOUT_RETURN_TYPE = YES_ERROR;
				GCC_WARN_UNDECLARED_SELECTOR = YES;
				GCC_WARN_UNINITIALIZED_AUTOS = YES_AGGRESSIVE;
				GCC_WARN_UNUSED_FUNCTION = YES;
				GCC_WARN_UNUSED_VARIABLE = YES;
				INFOPLIST_FILE = "";
				IPHONEOS_DEPLOYMENT_TARGET = 11.0;
				MTL_ENABLE_DEBUG_INFO = NO;
				SDKROOT = iphoneos;
				SWIFT_OPTIMIZATION_LEVEL = "-Owholemodule";
				SWIFT_SWIFT3_OBJC_INFERENCE = Off;
				VALIDATE_PRODUCT = YES;
			};
			name = Release;
		};
		A7FBFCC81AE27C1E004CC664 /* Debug */ = {
			isa = XCBuildConfiguration;
			baseConfigurationReference = 87F91F091F93C16800392F94 /* Debug.xcconfig */;
			buildSettings = {
				ASSETCATALOG_COMPILER_APPICON_NAME = AppIcon;
				INFOPLIST_FILE = "Gemma Barlow/Info.plist";
				LD_RUNPATH_SEARCH_PATHS = "$(inherited) @executable_path/Frameworks";
				PRODUCT_BUNDLE_IDENTIFIER = "com.gemmakbarlow.$(PRODUCT_NAME:rfc1034identifier)";
				PRODUCT_NAME = "$(TARGET_NAME)";
				SWIFT_ACTIVE_COMPILATION_CONDITIONS = "";
				SWIFT_VERSION = 4.2;
			};
			name = Debug;
		};
		A7FBFCC91AE27C1E004CC664 /* Release */ = {
			isa = XCBuildConfiguration;
			baseConfigurationReference = 87F91F0A1F93C16800392F94 /* Release.xcconfig */;
			buildSettings = {
				ASSETCATALOG_COMPILER_APPICON_NAME = AppIcon;
				INFOPLIST_FILE = "Gemma Barlow/Info.plist";
				LD_RUNPATH_SEARCH_PATHS = "$(inherited) @executable_path/Frameworks";
				PRODUCT_BUNDLE_IDENTIFIER = "com.gemmakbarlow.$(PRODUCT_NAME:rfc1034identifier)";
				PRODUCT_NAME = "$(TARGET_NAME)";
				SWIFT_ACTIVE_COMPILATION_CONDITIONS = RELEASE;
				SWIFT_VERSION = 4.2;
			};
			name = Release;
		};
		A7FBFCCB1AE27C1E004CC664 /* Debug */ = {
			isa = XCBuildConfiguration;
			buildSettings = {
				BUNDLE_LOADER = "$(TEST_HOST)";
				FRAMEWORK_SEARCH_PATHS = "$(inherited)";
				GCC_PREPROCESSOR_DEFINITIONS = (
					"DEBUG=1",
					"$(inherited)",
				);
				LD_RUNPATH_SEARCH_PATHS = "$(inherited) @executable_path/Frameworks @loader_path/Frameworks";
				PRODUCT_BUNDLE_IDENTIFIER = "com.gemmakbarlow.$(PRODUCT_NAME:rfc1034identifier)";
				PRODUCT_NAME = "$(TARGET_NAME)";
				SWIFT_VERSION = 4.2;
				TEST_HOST = "$(BUILT_PRODUCTS_DIR)/Gemma Barlow.app/Gemma Barlow";
			};
			name = Debug;
		};
		A7FBFCCC1AE27C1E004CC664 /* Release */ = {
			isa = XCBuildConfiguration;
			buildSettings = {
				BUNDLE_LOADER = "$(TEST_HOST)";
				FRAMEWORK_SEARCH_PATHS = "$(inherited)";
				LD_RUNPATH_SEARCH_PATHS = "$(inherited) @executable_path/Frameworks @loader_path/Frameworks";
				PRODUCT_BUNDLE_IDENTIFIER = "com.gemmakbarlow.$(PRODUCT_NAME:rfc1034identifier)";
				PRODUCT_NAME = "$(TARGET_NAME)";
				SWIFT_VERSION = 4.2;
				TEST_HOST = "$(BUILT_PRODUCTS_DIR)/Gemma Barlow.app/Gemma Barlow";
			};
			name = Release;
		};
/* End XCBuildConfiguration section */

/* Begin XCConfigurationList section */
		A7FBFCA31AE27C1E004CC664 /* Build configuration list for PBXProject "Gemma Barlow" */ = {
			isa = XCConfigurationList;
			buildConfigurations = (
				A7FBFCC51AE27C1E004CC664 /* Debug */,
				A7FBFCC61AE27C1E004CC664 /* Release */,
			);
			defaultConfigurationIsVisible = 0;
			defaultConfigurationName = Release;
		};
		A7FBFCC71AE27C1E004CC664 /* Build configuration list for PBXNativeTarget "Gemma Barlow" */ = {
			isa = XCConfigurationList;
			buildConfigurations = (
				A7FBFCC81AE27C1E004CC664 /* Debug */,
				A7FBFCC91AE27C1E004CC664 /* Release */,
			);
			defaultConfigurationIsVisible = 0;
			defaultConfigurationName = Release;
		};
		A7FBFCCA1AE27C1E004CC664 /* Build configuration list for PBXNativeTarget "Unit Tests" */ = {
			isa = XCConfigurationList;
			buildConfigurations = (
				A7FBFCCB1AE27C1E004CC664 /* Debug */,
				A7FBFCCC1AE27C1E004CC664 /* Release */,
			);
			defaultConfigurationIsVisible = 0;
			defaultConfigurationName = Release;
		};
/* End XCConfigurationList section */
	};
	rootObject = A7FBFCA01AE27C1E004CC664 /* Project object */;
}
